
Microsoft Visual Studio Solution File, Format Version 12.00
# Visual Studio Version 16
VisualStudioVersion = 16.0.29215.179
MinimumVisualStudioVersion = 10.0.40219.1
Project("{8BC9CEB8-8B4A-11D0-8D11-00A0C91BC942}") = "z2se", "z2se.vcxproj", "{E61A1594-D6ED-4C97-811E-412C00C26FEB}"
EndProject
Global
	GlobalSection(SolutionConfigurationPlatforms) = preSolution
		Debug DLL|x86 = Debug DLL|x86
		Debug|x86 = Debug|x86
		Release DLL|x86 = Release DLL|x86
		Release|x86 = Release|x86
	EndGlobalSection
	GlobalSection(ProjectConfigurationPlatforms) = postSolution
		{E61A1594-D6ED-4C97-811E-412C00C26FEB}.Debug DLL|x86.ActiveCfg = Debug DLL|Win32
		{E61A1594-D6ED-4C97-811E-412C00C26FEB}.Debug DLL|x86.Build.0 = Debug DLL|Win32
		{E61A1594-D6ED-4C97-811E-412C00C26FEB}.Debug|x86.ActiveCfg = Debug|Win32
		{E61A1594-D6ED-4C97-811E-412C00C26FEB}.Debug|x86.Build.0 = Debug|Win32
		{E61A1594-D6ED-4C97-811E-412C00C26FEB}.Release DLL|x86.ActiveCfg = Release DLL|Win32
		{E61A1594-D6ED-4C97-811E-412C00C26FEB}.Release DLL|x86.Build.0 = Release DLL|Win32
		{E61A1594-D6ED-4C97-811E-412C00C26FEB}.Release|x86.ActiveCfg = Release|Win32
		{E61A1594-D6ED-4C97-811E-412C00C26FEB}.Release|x86.Build.0 = Release|Win32
	EndGlobalSection
	GlobalSection(SolutionProperties) = preSolution
		HideSolutionNode = FALSE
	EndGlobalSection
	GlobalSection(ExtensibilityGlobals) = postSolution
		SolutionGuid = {A2743FDB-F6FB-43DD-9515-4446FAAD5C63}
	EndGlobalSection
EndGlobal
